// !$*UTF8*$!
{
	archiveVersion = 1;
	classes = {
	};
	objectVersion = 52;
	objects = {

/* Begin PBXBuildFile section */
		154BB28922F78320009D4111 /* AppDelegate.swift in Sources */ = {isa = PBXBuildFile; fileRef = 154BB28822F78320009D4111 /* AppDelegate.swift */; };
		154BB28B22F78320009D4111 /* SceneDelegate.swift in Sources */ = {isa = PBXBuildFile; fileRef = 154BB28A22F78320009D4111 /* SceneDelegate.swift */; };
		154BB28D22F78320009D4111 /* ViewController.swift in Sources */ = {isa = PBXBuildFile; fileRef = 154BB28C22F78320009D4111 /* ViewController.swift */; };
		154BB29022F78320009D4111 /* Main.storyboard in Resources */ = {isa = PBXBuildFile; fileRef = 154BB28E22F78320009D4111 /* Main.storyboard */; };
		154BB29222F78324009D4111 /* Assets.xcassets in Resources */ = {isa = PBXBuildFile; fileRef = 154BB29122F78324009D4111 /* Assets.xcassets */; };
		154BB29522F78324009D4111 /* LaunchScreen.storyboard in Resources */ = {isa = PBXBuildFile; fileRef = 154BB29322F78324009D4111 /* LaunchScreen.storyboard */; };
		154BB29E22F78336009D4111 /* Bird in Frameworks */ = {isa = PBXBuildFile; productRef = 154BB29D22F78336009D4111 /* Bird */; };
		154BB2A022F783E4009D4111 /* PokeAPI.swift in Sources */ = {isa = PBXBuildFile; fileRef = 154BB29F22F783E4009D4111 /* PokeAPI.swift */; };
		15CB34152307F166002032B7 /* Pokemon.swift in Sources */ = {isa = PBXBuildFile; fileRef = 15CB34142307F166002032B7 /* Pokemon.swift */; };
/* End PBXBuildFile section */

/* Begin PBXFileReference section */
		154BB28522F78320009D4111 /* BirdExampleApp.app */ = {isa = PBXFileReference; explicitFileType = wrapper.application; includeInIndex = 0; path = BirdExampleApp.app; sourceTree = BUILT_PRODUCTS_DIR; };
		154BB28822F78320009D4111 /* AppDelegate.swift */ = {isa = PBXFileReference; lastKnownFileType = sourcecode.swift; path = AppDelegate.swift; sourceTree = "<group>"; };
		154BB28A22F78320009D4111 /* SceneDelegate.swift */ = {isa = PBXFileReference; lastKnownFileType = sourcecode.swift; path = SceneDelegate.swift; sourceTree = "<group>"; };
		154BB28C22F78320009D4111 /* ViewController.swift */ = {isa = PBXFileReference; lastKnownFileType = sourcecode.swift; path = ViewController.swift; sourceTree = "<group>"; };
		154BB28F22F78320009D4111 /* Base */ = {isa = PBXFileReference; lastKnownFileType = file.storyboard; name = Base; path = Base.lproj/Main.storyboard; sourceTree = "<group>"; };
		154BB29122F78324009D4111 /* Assets.xcassets */ = {isa = PBXFileReference; lastKnownFileType = folder.assetcatalog; path = Assets.xcassets; sourceTree = "<group>"; };
		154BB29422F78324009D4111 /* Base */ = {isa = PBXFileReference; lastKnownFileType = file.storyboard; name = Base; path = Base.lproj/LaunchScreen.storyboard; sourceTree = "<group>"; };
		154BB29622F78324009D4111 /* Info.plist */ = {isa = PBXFileReference; lastKnownFileType = text.plist.xml; path = Info.plist; sourceTree = "<group>"; };
		154BB29F22F783E4009D4111 /* PokeAPI.swift */ = {isa = PBXFileReference; lastKnownFileType = sourcecode.swift; path = PokeAPI.swift; sourceTree = "<group>"; };
		15CB34142307F166002032B7 /* Pokemon.swift */ = {isa = PBXFileReference; lastKnownFileType = sourcecode.swift; path = Pokemon.swift; sourceTree = "<group>"; };
/* End PBXFileReference section */

/* Begin PBXFrameworksBuildPhase section */
		154BB28222F78320009D4111 /* Frameworks */ = {
			isa = PBXFrameworksBuildPhase;
			buildActionMask = 2147483647;
			files = (
				154BB29E22F78336009D4111 /* Bird in Frameworks */,
			);
			runOnlyForDeploymentPostprocessing = 0;
		};
/* End PBXFrameworksBuildPhase section */

/* Begin PBXGroup section */
		154BB27C22F78320009D4111 = {
			isa = PBXGroup;
			children = (
				154BB28722F78320009D4111 /* BirdExampleApp */,
				154BB28622F78320009D4111 /* Products */,
				154BB29C22F78336009D4111 /* Frameworks */,
			);
			sourceTree = "<group>";
		};
		154BB28622F78320009D4111 /* Products */ = {
			isa = PBXGroup;
			children = (
				154BB28522F78320009D4111 /* BirdExampleApp.app */,
			);
			name = Products;
			sourceTree = "<group>";
		};
		154BB28722F78320009D4111 /* BirdExampleApp */ = {
			isa = PBXGroup;
			children = (
				15CB34162307F173002032B7 /* Bird */,
				154BB28822F78320009D4111 /* AppDelegate.swift */,
				154BB28A22F78320009D4111 /* SceneDelegate.swift */,
				154BB28C22F78320009D4111 /* ViewController.swift */,
				154BB28E22F78320009D4111 /* Main.storyboard */,
				154BB29122F78324009D4111 /* Assets.xcassets */,
				154BB29322F78324009D4111 /* LaunchScreen.storyboard */,
				154BB29622F78324009D4111 /* Info.plist */,
			);
			path = BirdExampleApp;
			sourceTree = "<group>";
		};
		154BB29C22F78336009D4111 /* Frameworks */ = {
			isa = PBXGroup;
			children = (
			);
			name = Frameworks;
			sourceTree = "<group>";
		};
		15CB34132307F14E002032B7 /* ResponseModels */ = {
			isa = PBXGroup;
			children = (
				15CB34142307F166002032B7 /* Pokemon.swift */,
			);
			path = ResponseModels;
			sourceTree = "<group>";
		};
		15CB34162307F173002032B7 /* Bird */ = {
			isa = PBXGroup;
			children = (
				154BB29F22F783E4009D4111 /* PokeAPI.swift */,
				15CB34132307F14E002032B7 /* ResponseModels */,
			);
			path = Bird;
			sourceTree = "<group>";
		};
/* End PBXGroup section */

/* Begin PBXNativeTarget section */
		154BB28422F78320009D4111 /* BirdExampleApp */ = {
			isa = PBXNativeTarget;
			buildConfigurationList = 154BB29922F78324009D4111 /* Build configuration list for PBXNativeTarget "BirdExampleApp" */;
			buildPhases = (
				154BB28122F78320009D4111 /* Sources */,
				154BB28222F78320009D4111 /* Frameworks */,
				154BB28322F78320009D4111 /* Resources */,
			);
			buildRules = (
			);
			dependencies = (
			);
			name = BirdExampleApp;
			packageProductDependencies = (
				154BB29D22F78336009D4111 /* Bird */,
			);
			productName = BirdExampleApp;
			productReference = 154BB28522F78320009D4111 /* BirdExampleApp.app */;
			productType = "com.apple.product-type.application";
		};
/* End PBXNativeTarget section */

/* Begin PBXProject section */
		154BB27D22F78320009D4111 /* Project object */ = {
			isa = PBXProject;
			attributes = {
				LastSwiftUpdateCheck = 1100;
				LastUpgradeCheck = 1100;
				ORGANIZATIONNAME = "Sebastian Boldt";
				TargetAttributes = {
					154BB28422F78320009D4111 = {
						CreatedOnToolsVersion = 11.0;
					};
				};
			};
			buildConfigurationList = 154BB28022F78320009D4111 /* Build configuration list for PBXProject "BirdExampleApp" */;
			compatibilityVersion = "Xcode 9.3";
			developmentRegion = en;
			hasScannedForEncodings = 0;
			knownRegions = (
				en,
				Base,
			);
			mainGroup = 154BB27C22F78320009D4111;
			productRefGroup = 154BB28622F78320009D4111 /* Products */;
			projectDirPath = "";
			projectRoot = "";
			targets = (
				154BB28422F78320009D4111 /* BirdExampleApp */,
			);
		};
/* End PBXProject section */

/* Begin PBXResourcesBuildPhase section */
		154BB28322F78320009D4111 /* Resources */ = {
			isa = PBXResourcesBuildPhase;
			buildActionMask = 2147483647;
			files = (
				154BB29522F78324009D4111 /* LaunchScreen.storyboard in Resources */,
				154BB29222F78324009D4111 /* Assets.xcassets in Resources */,
				154BB29022F78320009D4111 /* Main.storyboard in Resources */,
			);
			runOnlyForDeploymentPostprocessing = 0;
		};
/* End PBXResourcesBuildPhase section */

/* Begin PBXSourcesBuildPhase section */
		154BB28122F78320009D4111 /* Sources */ = {
			isa = PBXSourcesBuildPhase;
			buildActionMask = 2147483647;
			files = (
				15CB34152307F166002032B7 /* Pokemon.swift in Sources */,
				154BB28D22F78320009D4111 /* ViewController.swift in Sources */,
				154BB2A022F783E4009D4111 /* PokeAPI.swift in Sources */,
				154BB28922F78320009D4111 /* AppDelegate.swift in Sources */,
				154BB28B22F78320009D4111 /* SceneDelegate.swift in Sources */,
			);
			runOnlyForDeploymentPostprocessing = 0;
		};
/* End PBXSourcesBuildPhase section */

/* Begin PBXVariantGroup section */
		154BB28E22F78320009D4111 /* Main.storyboard */ = {
			isa = PBXVariantGroup;
			children = (
				154BB28F22F78320009D4111 /* Base */,
			);
			name = Main.storyboard;
			sourceTree = "<group>";
		};
		154BB29322F78324009D4111 /* LaunchScreen.storyboard */ = {
			isa = PBXVariantGroup;
			children = (
				154BB29422F78324009D4111 /* Base */,
			);
			name = LaunchScreen.storyboard;
			sourceTree = "<group>";
		};
/* End PBXVariantGroup section */

/* Begin XCBuildConfiguration section */
		154BB29722F78324009D4111 /* Debug */ = {
			isa = XCBuildConfiguration;
			buildSettings = {
				ALWAYS_SEARCH_USER_PATHS = NO;
				CLANG_ANALYZER_NONNULL = YES;
				CLANG_ANALYZER_NUMBER_OBJECT_CONVERSION = YES_AGGRESSIVE;
				CLANG_CXX_LANGUAGE_STANDARD = "gnu++14";
				CLANG_CXX_LIBRARY = "libc++";
				CLANG_ENABLE_MODULES = YES;
				CLANG_ENABLE_OBJC_ARC = YES;
				CLANG_ENABLE_OBJC_WEAK = YES;
				CLANG_WARN_BLOCK_CAPTURE_AUTORELEASING = YES;
				CLANG_WARN_BOOL_CONVERSION = YES;
				CLANG_WARN_COMMA = YES;
				CLANG_WARN_CONSTANT_CONVERSION = YES;
				CLANG_WARN_DEPRECATED_OBJC_IMPLEMENTATIONS = YES;
				CLANG_WARN_DIRECT_OBJC_ISA_USAGE = YES_ERROR;
				CLANG_WARN_DOCUMENTATION_COMMENTS = YES;
				CLANG_WARN_EMPTY_BODY = YES;
				CLANG_WARN_ENUM_CONVERSION = YES;
				CLANG_WARN_INFINITE_RECURSION = YES;
				CLANG_WARN_INT_CONVERSION = YES;
				CLANG_WARN_NON_LITERAL_NULL_CONVERSION = YES;
				CLANG_WARN_OBJC_IMPLICIT_RETAIN_SELF = YES;
				CLANG_WARN_OBJC_LITERAL_CONVERSION = YES;
				CLANG_WARN_OBJC_ROOT_CLASS = YES_ERROR;
				CLANG_WARN_RANGE_LOOP_ANALYSIS = YES;
				CLANG_WARN_STRICT_PROTOTYPES = YES;
				CLANG_WARN_SUSPICIOUS_MOVE = YES;
				CLANG_WARN_UNGUARDED_AVAILABILITY = YES_AGGRESSIVE;
				CLANG_WARN_UNREACHABLE_CODE = YES;
				CLANG_WARN__DUPLICATE_METHOD_MATCH = YES;
				COPY_PHASE_STRIP = NO;
				DEBUG_INFORMATION_FORMAT = dwarf;
				ENABLE_STRICT_OBJC_MSGSEND = YES;
				ENABLE_TESTABILITY = YES;
				GCC_C_LANGUAGE_STANDARD = gnu11;
				GCC_DYNAMIC_NO_PIC = NO;
				GCC_NO_COMMON_BLOCKS = YES;
				GCC_OPTIMIZATION_LEVEL = 0;
				GCC_PREPROCESSOR_DEFINITIONS = (
					"DEBUG=1",
					"$(inherited)",
				);
				GCC_WARN_64_TO_32_BIT_CONVERSION = YES;
				GCC_WARN_ABOUT_RETURN_TYPE = YES_ERROR;
				GCC_WARN_UNDECLARED_SELECTOR = YES;
				GCC_WARN_UNINITIALIZED_AUTOS = YES_AGGRESSIVE;
				GCC_WARN_UNUSED_FUNCTION = YES;
				GCC_WARN_UNUSED_VARIABLE = YES;
				IPHONEOS_DEPLOYMENT_TARGET = 13.0;
				MTL_ENABLE_DEBUG_INFO = INCLUDE_SOURCE;
				MTL_FAST_MATH = YES;
				ONLY_ACTIVE_ARCH = YES;
				SDKROOT = iphoneos;
				SWIFT_ACTIVE_COMPILATION_CONDITIONS = DEBUG;
				SWIFT_OPTIMIZATION_LEVEL = "-Onone";
			};
			name = Debug;
		};
		154BB29822F78324009D4111 /* Release */ = {
			isa = XCBuildConfiguration;
			buildSettings = {
				ALWAYS_SEARCH_USER_PATHS = NO;
				CLANG_ANALYZER_NONNULL = YES;
				CLANG_ANALYZER_NUMBER_OBJECT_CONVERSION = YES_AGGRESSIVE;
				CLANG_CXX_LANGUAGE_STANDARD = "gnu++14";
				CLANG_CXX_LIBRARY = "libc++";
				CLANG_ENABLE_MODULES = YES;
				CLANG_ENABLE_OBJC_ARC = YES;
				CLANG_ENABLE_OBJC_WEAK = YES;
				CLANG_WARN_BLOCK_CAPTURE_AUTORELEASING = YES;
				CLANG_WARN_BOOL_CONVERSION = YES;
				CLANG_WARN_COMMA = YES;
				CLANG_WARN_CONSTANT_CONVERSION = YES;
				CLANG_WARN_DEPRECATED_OBJC_IMPLEMENTATIONS = YES;
				CLANG_WARN_DIRECT_OBJC_ISA_USAGE = YES_ERROR;
				CLANG_WARN_DOCUMENTATION_COMMENTS = YES;
				CLANG_WARN_EMPTY_BODY = YES;
				CLANG_WARN_ENUM_CONVERSION = YES;
				CLANG_WARN_INFINITE_RECURSION = YES;
				CLANG_WARN_INT_CONVERSION = YES;
				CLANG_WARN_NON_LITERAL_NULL_CONVERSION = YES;
				CLANG_WARN_OBJC_IMPLICIT_RETAIN_SELF = YES;
				CLANG_WARN_OBJC_LITERAL_CONVERSION = YES;
				CLANG_WARN_OBJC_ROOT_CLASS = YES_ERROR;
				CLANG_WARN_RANGE_LOOP_ANALYSIS = YES;
				CLANG_WARN_STRICT_PROTOTYPES = YES;
				CLANG_WARN_SUSPICIOUS_MOVE = YES;
				CLANG_WARN_UNGUARDED_AVAILABILITY = YES_AGGRESSIVE;
				CLANG_WARN_UNREACHABLE_CODE = YES;
				CLANG_WARN__DUPLICATE_METHOD_MATCH = YES;
				COPY_PHASE_STRIP = NO;
				DEBUG_INFORMATION_FORMAT = "dwarf-with-dsym";
				ENABLE_NS_ASSERTIONS = NO;
				ENABLE_STRICT_OBJC_MSGSEND = YES;
				GCC_C_LANGUAGE_STANDARD = gnu11;
				GCC_NO_COMMON_BLOCKS = YES;
				GCC_WARN_64_TO_32_BIT_CONVERSION = YES;
				GCC_WARN_ABOUT_RETURN_TYPE = YES_ERROR;
				GCC_WARN_UNDECLARED_SELECTOR = YES;
				GCC_WARN_UNINITIALIZED_AUTOS = YES_AGGRESSIVE;
				GCC_WARN_UNUSED_FUNCTION = YES;
				GCC_WARN_UNUSED_VARIABLE = YES;
				IPHONEOS_DEPLOYMENT_TARGET = 13.0;
				MTL_ENABLE_DEBUG_INFO = NO;
				MTL_FAST_MATH = YES;
				SDKROOT = iphoneos;
				SWIFT_COMPILATION_MODE = wholemodule;
				SWIFT_OPTIMIZATION_LEVEL = "-O";
				VALIDATE_PRODUCT = YES;
			};
			name = Release;
		};
		154BB29A22F78324009D4111 /* Debug */ = {
			isa = XCBuildConfiguration;
			buildSettings = {
				ASSETCATALOG_COMPILER_APPICON_NAME = AppIcon;
				CODE_SIGN_STYLE = Automatic;
				DEVELOPMENT_TEAM = JY9STJR6M4;
				INFOPLIST_FILE = BirdExampleApp/Info.plist;
				LD_RUNPATH_SEARCH_PATHS = (
					"$(inherited)",
					"@executable_path/Frameworks",
				);
				PRODUCT_BUNDLE_IDENTIFIER = com.sebastianboldt.BirdExampleApp;
				PRODUCT_NAME = "$(TARGET_NAME)";
				SWIFT_VERSION = 5.0;
				TARGETED_DEVICE_FAMILY = "1,2";
			};
			name = Debug;
		};
		154BB29B22F78324009D4111 /* Release */ = {
			isa = XCBuildConfiguration;
			buildSettings = {
				ASSETCATALOG_COMPILER_APPICON_NAME = AppIcon;
				CODE_SIGN_STYLE = Automatic;
				DEVELOPMENT_TEAM = JY9STJR6M4;
				INFOPLIST_FILE = BirdExampleApp/Info.plist;
				LD_RUNPATH_SEARCH_PATHS = (
					"$(inherited)",
					"@executable_path/Frameworks",
				);
				PRODUCT_BUNDLE_IDENTIFIER = com.sebastianboldt.BirdExampleApp;
				PRODUCT_NAME = "$(TARGET_NAME)";
				SWIFT_VERSION = 5.0;
				TARGETED_DEVICE_FAMILY = "1,2";
			};
			name = Release;
		};
/* End XCBuildConfiguration section */

/* Begin XCConfigurationList section */
		154BB28022F78320009D4111 /* Build configuration list for PBXProject "BirdExampleApp" */ = {
			isa = XCConfigurationList;
			buildConfigurations = (
				154BB29722F78324009D4111 /* Debug */,
				154BB29822F78324009D4111 /* Release */,
			);
			defaultConfigurationIsVisible = 0;
			defaultConfigurationName = Release;
		};
		154BB29922F78324009D4111 /* Build configuration list for PBXNativeTarget "BirdExampleApp" */ = {
			isa = XCConfigurationList;
			buildConfigurations = (
				154BB29A22F78324009D4111 /* Debug */,
				154BB29B22F78324009D4111 /* Release */,
			);
			defaultConfigurationIsVisible = 0;
			defaultConfigurationName = Release;
		};
/* End XCConfigurationList section */

/* Begin XCSwiftPackageProductDependency section */
		154BB29D22F78336009D4111 /* Bird */ = {
			isa = XCSwiftPackageProductDependency;
			productName = Bird;
		};
/* End XCSwiftPackageProductDependency section */
	};
	rootObject = 154BB27D22F78320009D4111 /* Project object */;
}
