// !$*UTF8*$!
{
	archiveVersion = 1;
	classes = {
	};
	objectVersion = 52;
	objects = {

/* Begin PBXBuildFile section */
		15F40CD022F74E9C0075CBEC /* AppDelegate.swift in Sources */ = {isa = PBXBuildFile; fileRef = 15F40CCF22F74E9C0075CBEC /* AppDelegate.swift */; };
		15F40CD222F74E9C0075CBEC /* SceneDelegate.swift in Sources */ = {isa = PBXBuildFile; fileRef = 15F40CD122F74E9C0075CBEC /* SceneDelegate.swift */; };
		15F40CD422F74E9C0075CBEC /* ViewController.swift in Sources */ = {isa = PBXBuildFile; fileRef = 15F40CD322F74E9C0075CBEC /* ViewController.swift */; };
		15F40CD722F74E9C0075CBEC /* Main.storyboard in Resources */ = {isa = PBXBuildFile; fileRef = 15F40CD522F74E9C0075CBEC /* Main.storyboard */; };
		15F40CD922F74E9F0075CBEC /* Assets.xcassets in Resources */ = {isa = PBXBuildFile; fileRef = 15F40CD822F74E9F0075CBEC /* Assets.xcassets */; };
		15F40CDC22F74E9F0075CBEC /* LaunchScreen.storyboard in Resources */ = {isa = PBXBuildFile; fileRef = 15F40CDA22F74E9F0075CBEC /* LaunchScreen.storyboard */; };
		15F40CE522F74ECE0075CBEC /* Bird in Frameworks */ = {isa = PBXBuildFile; productRef = 15F40CE422F74ECE0075CBEC /* Bird */; };
/* End PBXBuildFile section */

/* Begin PBXFileReference section */
		15F40CCC22F74E9C0075CBEC /* Example.app */ = {isa = PBXFileReference; explicitFileType = wrapper.application; includeInIndex = 0; path = Example.app; sourceTree = BUILT_PRODUCTS_DIR; };
		15F40CCF22F74E9C0075CBEC /* AppDelegate.swift */ = {isa = PBXFileReference; lastKnownFileType = sourcecode.swift; path = AppDelegate.swift; sourceTree = "<group>"; };
		15F40CD122F74E9C0075CBEC /* SceneDelegate.swift */ = {isa = PBXFileReference; lastKnownFileType = sourcecode.swift; path = SceneDelegate.swift; sourceTree = "<group>"; };
		15F40CD322F74E9C0075CBEC /* ViewController.swift */ = {isa = PBXFileReference; lastKnownFileType = sourcecode.swift; path = ViewController.swift; sourceTree = "<group>"; };
		15F40CD622F74E9C0075CBEC /* Base */ = {isa = PBXFileReference; lastKnownFileType = file.storyboard; name = Base; path = Base.lproj/Main.storyboard; sourceTree = "<group>"; };
		15F40CD822F74E9F0075CBEC /* Assets.xcassets */ = {isa = PBXFileReference; lastKnownFileType = folder.assetcatalog; path = Assets.xcassets; sourceTree = "<group>"; };
		15F40CDB22F74E9F0075CBEC /* Base */ = {isa = PBXFileReference; lastKnownFileType = file.storyboard; name = Base; path = Base.lproj/LaunchScreen.storyboard; sourceTree = "<group>"; };
		15F40CDD22F74E9F0075CBEC /* Info.plist */ = {isa = PBXFileReference; lastKnownFileType = text.plist.xml; path = Info.plist; sourceTree = "<group>"; };
/* End PBXFileReference section */

/* Begin PBXFrameworksBuildPhase section */
		15F40CC922F74E9C0075CBEC /* Frameworks */ = {
			isa = PBXFrameworksBuildPhase;
			buildActionMask = 2147483647;
			files = (
				15F40CE522F74ECE0075CBEC /* Bird in Frameworks */,
			);
			runOnlyForDeploymentPostprocessing = 0;
		};
/* End PBXFrameworksBuildPhase section */

/* Begin PBXGroup section */
		15F40CC322F74E9C0075CBEC = {
			isa = PBXGroup;
			children = (
				15F40CCE22F74E9C0075CBEC /* Example */,
				15F40CCD22F74E9C0075CBEC /* Products */,
				15F40CE322F74ECE0075CBEC /* Frameworks */,
			);
			sourceTree = "<group>";
		};
		15F40CCD22F74E9C0075CBEC /* Products */ = {
			isa = PBXGroup;
			children = (
				15F40CCC22F74E9C0075CBEC /* Example.app */,
			);
			name = Products;
			sourceTree = "<group>";
		};
		15F40CCE22F74E9C0075CBEC /* Example */ = {
			isa = PBXGroup;
			children = (
				15F40CCF22F74E9C0075CBEC /* AppDelegate.swift */,
				15F40CD122F74E9C0075CBEC /* SceneDelegate.swift */,
				15F40CD322F74E9C0075CBEC /* ViewController.swift */,
				15F40CD522F74E9C0075CBEC /* Main.storyboard */,
				15F40CD822F74E9F0075CBEC /* Assets.xcassets */,
				15F40CDA22F74E9F0075CBEC /* LaunchScreen.storyboard */,
				15F40CDD22F74E9F0075CBEC /* Info.plist */,
			);
			path = Example;
			sourceTree = "<group>";
		};
		15F40CE322F74ECE0075CBEC /* Frameworks */ = {
			isa = PBXGroup;
			children = (
			);
			name = Frameworks;
			sourceTree = "<group>";
		};
/* End PBXGroup section */

/* Begin PBXNativeTarget section */
		15F40CCB22F74E9C0075CBEC /* Example */ = {
			isa = PBXNativeTarget;
			buildConfigurationList = 15F40CE022F74E9F0075CBEC /* Build configuration list for PBXNativeTarget "Example" */;
			buildPhases = (
				15F40CC822F74E9C0075CBEC /* Sources */,
				15F40CC922F74E9C0075CBEC /* Frameworks */,
				15F40CCA22F74E9C0075CBEC /* Resources */,
			);
			buildRules = (
			);
			dependencies = (
			);
			name = Example;
			packageProductDependencies = (
				15F40CE422F74ECE0075CBEC /* Bird */,
			);
			productName = Example;
			productReference = 15F40CCC22F74E9C0075CBEC /* Example.app */;
			productType = "com.apple.product-type.application";
		};
/* End PBXNativeTarget section */

/* Begin PBXProject section */
		15F40CC422F74E9C0075CBEC /* Project object */ = {
			isa = PBXProject;
			attributes = {
				LastSwiftUpdateCheck = 1100;
				LastUpgradeCheck = 1100;
				ORGANIZATIONNAME = "Sebastian Boldt";
				TargetAttributes = {
					15F40CCB22F74E9C0075CBEC = {
						CreatedOnToolsVersion = 11.0;
					};
				};
			};
			buildConfigurationList = 15F40CC722F74E9C0075CBEC /* Build configuration list for PBXProject "Example" */;
			compatibilityVersion = "Xcode 9.3";
			developmentRegion = en;
			hasScannedForEncodings = 0;
			knownRegions = (
				en,
				Base,
			);
			mainGroup = 15F40CC322F74E9C0075CBEC;
			productRefGroup = 15F40CCD22F74E9C0075CBEC /* Products */;
			projectDirPath = "";
			projectRoot = "";
			targets = (
				15F40CCB22F74E9C0075CBEC /* Example */,
			);
		};
/* End PBXProject section */

/* Begin PBXResourcesBuildPhase section */
		15F40CCA22F74E9C0075CBEC /* Resources */ = {
			isa = PBXResourcesBuildPhase;
			buildActionMask = 2147483647;
			files = (
				15F40CDC22F74E9F0075CBEC /* LaunchScreen.storyboard in Resources */,
				15F40CD922F74E9F0075CBEC /* Assets.xcassets in Resources */,
				15F40CD722F74E9C0075CBEC /* Main.storyboard in Resources */,
			);
			runOnlyForDeploymentPostprocessing = 0;
		};
/* End PBXResourcesBuildPhase section */

/* Begin PBXSourcesBuildPhase section */
		15F40CC822F74E9C0075CBEC /* Sources */ = {
			isa = PBXSourcesBuildPhase;
			buildActionMask = 2147483647;
			files = (
				15F40CD422F74E9C0075CBEC /* ViewController.swift in Sources */,
				15F40CD022F74E9C0075CBEC /* AppDelegate.swift in Sources */,
				15F40CD222F74E9C0075CBEC /* SceneDelegate.swift in Sources */,
			);
			runOnlyForDeploymentPostprocessing = 0;
		};
/* End PBXSourcesBuildPhase section */

/* Begin PBXVariantGroup section */
		15F40CD522F74E9C0075CBEC /* Main.storyboard */ = {
			isa = PBXVariantGroup;
			children = (
				15F40CD622F74E9C0075CBEC /* Base */,
			);
			name = Main.storyboard;
			sourceTree = "<group>";
		};
		15F40CDA22F74E9F0075CBEC /* LaunchScreen.storyboard */ = {
			isa = PBXVariantGroup;
			children = (
				15F40CDB22F74E9F0075CBEC /* Base */,
			);
			name = LaunchScreen.storyboard;
			sourceTree = "<group>";
		};
/* End PBXVariantGroup section */

/* Begin XCBuildConfiguration section */
		15F40CDE22F74E9F0075CBEC /* Debug */ = {
			isa = XCBuildConfiguration;
			buildSettings = {
				ALWAYS_SEARCH_USER_PATHS = NO;
				CLANG_ANALYZER_NONNULL = YES;
				CLANG_ANALYZER_NUMBER_OBJECT_CONVERSION = YES_AGGRESSIVE;
				CLANG_CXX_LANGUAGE_STANDARD = "gnu++14";
				CLANG_CXX_LIBRARY = "libc++";
				CLANG_ENABLE_MODULES = YES;
				CLANG_ENABLE_OBJC_ARC = YES;
				CLANG_ENABLE_OBJC_WEAK = YES;
				CLANG_WARN_BLOCK_CAPTURE_AUTORELEASING = YES;
				CLANG_WARN_BOOL_CONVERSION = YES;
				CLANG_WARN_COMMA = YES;
				CLANG_WARN_CONSTANT_CONVERSION = YES;
				CLANG_WARN_DEPRECATED_OBJC_IMPLEMENTATIONS = YES;
				CLANG_WARN_DIRECT_OBJC_ISA_USAGE = YES_ERROR;
				CLANG_WARN_DOCUMENTATION_COMMENTS = YES;
				CLANG_WARN_EMPTY_BODY = YES;
				CLANG_WARN_ENUM_CONVERSION = YES;
				CLANG_WARN_INFINITE_RECURSION = YES;
				CLANG_WARN_INT_CONVERSION = YES;
				CLANG_WARN_NON_LITERAL_NULL_CONVERSION = YES;
				CLANG_WARN_OBJC_IMPLICIT_RETAIN_SELF = YES;
				CLANG_WARN_OBJC_LITERAL_CONVERSION = YES;
				CLANG_WARN_OBJC_ROOT_CLASS = YES_ERROR;
				CLANG_WARN_RANGE_LOOP_ANALYSIS = YES;
				CLANG_WARN_STRICT_PROTOTYPES = YES;
				CLANG_WARN_SUSPICIOUS_MOVE = YES;
				CLANG_WARN_UNGUARDED_AVAILABILITY = YES_AGGRESSIVE;
				CLANG_WARN_UNREACHABLE_CODE = YES;
				CLANG_WARN__DUPLICATE_METHOD_MATCH = YES;
				COPY_PHASE_STRIP = NO;
				DEBUG_INFORMATION_FORMAT = dwarf;
				ENABLE_STRICT_OBJC_MSGSEND = YES;
				ENABLE_TESTABILITY = YES;
				GCC_C_LANGUAGE_STANDARD = gnu11;
				GCC_DYNAMIC_NO_PIC = NO;
				GCC_NO_COMMON_BLOCKS = YES;
				GCC_OPTIMIZATION_LEVEL = 0;
				GCC_PREPROCESSOR_DEFINITIONS = (
					"DEBUG=1",
					"$(inherited)",
				);
				GCC_WARN_64_TO_32_BIT_CONVERSION = YES;
				GCC_WARN_ABOUT_RETURN_TYPE = YES_ERROR;
				GCC_WARN_UNDECLARED_SELECTOR = YES;
				GCC_WARN_UNINITIALIZED_AUTOS = YES_AGGRESSIVE;
				GCC_WARN_UNUSED_FUNCTION = YES;
				GCC_WARN_UNUSED_VARIABLE = YES;
				IPHONEOS_DEPLOYMENT_TARGET = 13.0;
				MTL_ENABLE_DEBUG_INFO = INCLUDE_SOURCE;
				MTL_FAST_MATH = YES;
				ONLY_ACTIVE_ARCH = YES;
				SDKROOT = iphoneos;
				SWIFT_ACTIVE_COMPILATION_CONDITIONS = DEBUG;
				SWIFT_OPTIMIZATION_LEVEL = "-Onone";
			};
			name = Debug;
		};
		15F40CDF22F74E9F0075CBEC /* Release */ = {
			isa = XCBuildConfiguration;
			buildSettings = {
				ALWAYS_SEARCH_USER_PATHS = NO;
				CLANG_ANALYZER_NONNULL = YES;
				CLANG_ANALYZER_NUMBER_OBJECT_CONVERSION = YES_AGGRESSIVE;
				CLANG_CXX_LANGUAGE_STANDARD = "gnu++14";
				CLANG_CXX_LIBRARY = "libc++";
				CLANG_ENABLE_MODULES = YES;
				CLANG_ENABLE_OBJC_ARC = YES;
				CLANG_ENABLE_OBJC_WEAK = YES;
				CLANG_WARN_BLOCK_CAPTURE_AUTORELEASING = YES;
				CLANG_WARN_BOOL_CONVERSION = YES;
				CLANG_WARN_COMMA = YES;
				CLANG_WARN_CONSTANT_CONVERSION = YES;
				CLANG_WARN_DEPRECATED_OBJC_IMPLEMENTATIONS = YES;
				CLANG_WARN_DIRECT_OBJC_ISA_USAGE = YES_ERROR;
				CLANG_WARN_DOCUMENTATION_COMMENTS = YES;
				CLANG_WARN_EMPTY_BODY = YES;
				CLANG_WARN_ENUM_CONVERSION = YES;
				CLANG_WARN_INFINITE_RECURSION = YES;
				CLANG_WARN_INT_CONVERSION = YES;
				CLANG_WARN_NON_LITERAL_NULL_CONVERSION = YES;
				CLANG_WARN_OBJC_IMPLICIT_RETAIN_SELF = YES;
				CLANG_WARN_OBJC_LITERAL_CONVERSION = YES;
				CLANG_WARN_OBJC_ROOT_CLASS = YES_ERROR;
				CLANG_WARN_RANGE_LOOP_ANALYSIS = YES;
				CLANG_WARN_STRICT_PROTOTYPES = YES;
				CLANG_WARN_SUSPICIOUS_MOVE = YES;
				CLANG_WARN_UNGUARDED_AVAILABILITY = YES_AGGRESSIVE;
				CLANG_WARN_UNREACHABLE_CODE = YES;
				CLANG_WARN__DUPLICATE_METHOD_MATCH = YES;
				COPY_PHASE_STRIP = NO;
				DEBUG_INFORMATION_FORMAT = "dwarf-with-dsym";
				ENABLE_NS_ASSERTIONS = NO;
				ENABLE_STRICT_OBJC_MSGSEND = YES;
				GCC_C_LANGUAGE_STANDARD = gnu11;
				GCC_NO_COMMON_BLOCKS = YES;
				GCC_WARN_64_TO_32_BIT_CONVERSION = YES;
				GCC_WARN_ABOUT_RETURN_TYPE = YES_ERROR;
				GCC_WARN_UNDECLARED_SELECTOR = YES;
				GCC_WARN_UNINITIALIZED_AUTOS = YES_AGGRESSIVE;
				GCC_WARN_UNUSED_FUNCTION = YES;
				GCC_WARN_UNUSED_VARIABLE = YES;
				IPHONEOS_DEPLOYMENT_TARGET = 13.0;
				MTL_ENABLE_DEBUG_INFO = NO;
				MTL_FAST_MATH = YES;
				SDKROOT = iphoneos;
				SWIFT_COMPILATION_MODE = wholemodule;
				SWIFT_OPTIMIZATION_LEVEL = "-O";
				VALIDATE_PRODUCT = YES;
			};
			name = Release;
		};
		15F40CE122F74E9F0075CBEC /* Debug */ = {
			isa = XCBuildConfiguration;
			buildSettings = {
				ASSETCATALOG_COMPILER_APPICON_NAME = AppIcon;
				CODE_SIGN_STYLE = Automatic;
				DEVELOPMENT_TEAM = JY9STJR6M4;
				INFOPLIST_FILE = Example/Info.plist;
				LD_RUNPATH_SEARCH_PATHS = (
					"$(inherited)",
					"@executable_path/Frameworks",
				);
				PRODUCT_BUNDLE_IDENTIFIER = com.sebastianboldt.Example;
				PRODUCT_NAME = "$(TARGET_NAME)";
				SWIFT_VERSION = 5.0;
				TARGETED_DEVICE_FAMILY = "1,2";
			};
			name = Debug;
		};
		15F40CE222F74E9F0075CBEC /* Release */ = {
			isa = XCBuildConfiguration;
			buildSettings = {
				ASSETCATALOG_COMPILER_APPICON_NAME = AppIcon;
				CODE_SIGN_STYLE = Automatic;
				DEVELOPMENT_TEAM = JY9STJR6M4;
				INFOPLIST_FILE = Example/Info.plist;
				LD_RUNPATH_SEARCH_PATHS = (
					"$(inherited)",
					"@executable_path/Frameworks",
				);
				PRODUCT_BUNDLE_IDENTIFIER = com.sebastianboldt.Example;
				PRODUCT_NAME = "$(TARGET_NAME)";
				SWIFT_VERSION = 5.0;
				TARGETED_DEVICE_FAMILY = "1,2";
			};
			name = Release;
		};
/* End XCBuildConfiguration section */

/* Begin XCConfigurationList section */
		15F40CC722F74E9C0075CBEC /* Build configuration list for PBXProject "Example" */ = {
			isa = XCConfigurationList;
			buildConfigurations = (
				15F40CDE22F74E9F0075CBEC /* Debug */,
				15F40CDF22F74E9F0075CBEC /* Release */,
			);
			defaultConfigurationIsVisible = 0;
			defaultConfigurationName = Release;
		};
		15F40CE022F74E9F0075CBEC /* Build configuration list for PBXNativeTarget "Example" */ = {
			isa = XCConfigurationList;
			buildConfigurations = (
				15F40CE122F74E9F0075CBEC /* Debug */,
				15F40CE222F74E9F0075CBEC /* Release */,
			);
			defaultConfigurationIsVisible = 0;
			defaultConfigurationName = Release;
		};
/* End XCConfigurationList section */

/* Begin XCSwiftPackageProductDependency section */
		15F40CE422F74ECE0075CBEC /* Bird */ = {
			isa = XCSwiftPackageProductDependency;
			productName = Bird;
		};
/* End XCSwiftPackageProductDependency section */
	};
	rootObject = 15F40CC422F74E9C0075CBEC /* Project object */;
}
